
Microsoft Visual Studio Solution File, Format Version 12.00
# Visual Studio Version 17
VisualStudioVersion = 17.13.35919.96
MinimumVisualStudioVersion = 10.0.40219.1
Project("{FAE04EC0-301F-11D3-BF4B-00C04F79EFBC}") = "History.AppHost", "History.AppHost\History.AppHost.csproj", "{BC374641-B36B-4DA9-99AC-D26FB59AE48F}"
EndProject
Project("{FAE04EC0-301F-11D3-BF4B-00C04F79EFBC}") = "History.ServiceDefaults", "History.ServiceDefaults\History.ServiceDefaults.csproj", "{247CD5A8-74EE-030B-8518-05FBEB04A04D}"
EndProject
Project("{FAE04EC0-301F-11D3-BF4B-00C04F79EFBC}") = "History.ApiService", "History.ApiService\History.ApiService.csproj", "{D1377EA8-67AD-D483-7709-3D4BF06F37AA}"
EndProject
Project("{FAE04EC0-301F-11D3-BF4B-00C04F79EFBC}") = "History.Commons", "History.Commons\History.Commons.csproj", "{94A61417-23B5-4805-A433-F4E80868480D}"
EndProject
Project("{FAE04EC0-301F-11D3-BF4B-00C04F79EFBC}") = "History.MobileClient", "History.MobileClient\History.MobileClient.csproj", "{9ADAF0E0-D54D-4D85-A2B8-D3D5ADE57C2B}"
EndProject
Global
	GlobalSection(SolutionConfigurationPlatforms) = preSolution
		Debug|Any CPU = Debug|Any CPU
		Release|Any CPU = Release|Any CPU
	EndGlobalSection
	GlobalSection(ProjectConfigurationPlatforms) = postSolution
		{BC374641-B36B-4DA9-99AC-D26FB59AE48F}.Debug|Any CPU.ActiveCfg = Debug|Any CPU
		{BC374641-B36B-4DA9-99AC-D26FB59AE48F}.Debug|Any CPU.Build.0 = Debug|Any CPU
		{BC374641-B36B-4DA9-99AC-D26FB59AE48F}.Release|Any CPU.ActiveCfg = Release|Any CPU
		{BC374641-B36B-4DA9-99AC-D26FB59AE48F}.Release|Any CPU.Build.0 = Release|Any CPU
		{247CD5A8-74EE-030B-8518-05FBEB04A04D}.Debug|Any CPU.ActiveCfg = Debug|Any CPU
		{247CD5A8-74EE-030B-8518-05FBEB04A04D}.Debug|Any CPU.Build.0 = Debug|Any CPU
		{247CD5A8-74EE-030B-8518-05FBEB04A04D}.Release|Any CPU.ActiveCfg = Release|Any CPU
		{247CD5A8-74EE-030B-8518-05FBEB04A04D}.Release|Any CPU.Build.0 = Release|Any CPU
		{D1377EA8-67AD-D483-7709-3D4BF06F37AA}.Debug|Any CPU.ActiveCfg = Debug|Any CPU
		{D1377EA8-67AD-D483-7709-3D4BF06F37AA}.Debug|Any CPU.Build.0 = Debug|Any CPU
		{D1377EA8-67AD-D483-7709-3D4BF06F37AA}.Release|Any CPU.ActiveCfg = Release|Any CPU
		{D1377EA8-67AD-D483-7709-3D4BF06F37AA}.Release|Any CPU.Build.0 = Release|Any CPU
		{94A61417-23B5-4805-A433-F4E80868480D}.Debug|Any CPU.ActiveCfg = Debug|Any CPU
		{94A61417-23B5-4805-A433-F4E80868480D}.Debug|Any CPU.Build.0 = Debug|Any CPU
		{94A61417-23B5-4805-A433-F4E80868480D}.Release|Any CPU.ActiveCfg = Release|Any CPU
		{94A61417-23B5-4805-A433-F4E80868480D}.Release|Any CPU.Build.0 = Release|Any CPU
		{9ADAF0E0-D54D-4D85-A2B8-D3D5ADE57C2B}.Debug|Any CPU.ActiveCfg = Debug|Any CPU
		{9ADAF0E0-D54D-4D85-A2B8-D3D5ADE57C2B}.Debug|Any CPU.Build.0 = Debug|Any CPU
		{9ADAF0E0-D54D-4D85-A2B8-D3D5ADE57C2B}.Debug|Any CPU.Deploy.0 = Debug|Any CPU
		{9ADAF0E0-D54D-4D85-A2B8-D3D5ADE57C2B}.Release|Any CPU.ActiveCfg = Release|Any CPU
		{9ADAF0E0-D54D-4D85-A2B8-D3D5ADE57C2B}.Release|Any CPU.Build.0 = Release|Any CPU
	EndGlobalSection
	GlobalSection(SolutionProperties) = preSolution
		HideSolutionNode = FALSE
	EndGlobalSection
	GlobalSection(ExtensibilityGlobals) = postSolution
		SolutionGuid = {E69BA7F2-5470-4E79-99DF-D51E3065E07B}
	EndGlobalSection
EndGlobal
