<Solution>
  <Configurations>
    <Platform Name="Any CPU" />
    <Platform Name="ARM64" />
    <Platform Name="x64" />
    <Platform Name="x86" />
  </Configurations>
  <Folder Name="/Solution Items/">
    <File Path=".editorconfig" />
  </Folder>
  <Project Path="../SuggestingBox.Maui/SuggestingBox.Maui/SuggestingBox.Maui.csproj" />
  <Project Path="History.ApiService/History.ApiService.csproj" />
  <Project Path="History.AppHost/History.AppHost.csproj" />
  <Project Path="History.Commons/History.Commons.csproj" />
  <Project Path="History.MobileClient/History.MobileClient.csproj">
    <Deploy Solution="Debug|*" />
    <Deploy Solution="Release|*" />
  </Project>
  <Project Path="History.ServiceDefaults/History.ServiceDefaults.csproj" />
  <Project Path="History.WindowsClient/History.WindowsClient.csproj" Id="50fe4111-0fde-4c1e-9f90-4ad3c48ea15d">
    <Platform Solution="*|ARM64" Project="ARM64" />
    <Platform Solution="*|x64" Project="x64" />
    <Platform Solution="*|x86" Project="x86" />
    <Platform Solution="Debug|Any CPU" Project="ARM64" />
    <Platform Solution="Release|Any CPU" Project="x64" />
    <Deploy />
  </Project>
</Solution>
