<Solution>
  <Folder Name="/Solution Items/">
    <File Path=".editorconfig" />
  </Folder>
  <Project Path="History.ApiService/History.ApiService.csproj" />
  <Project Path="History.AppHost/History.AppHost.csproj" />
  <Project Path="History.Commons/History.Commons.csproj" />
  <Project Path="History.MobileClient/History.MobileClient.csproj">
    <Deploy Solution="Debug|*" />
  </Project>
  <Project Path="History.ServiceDefaults/History.ServiceDefaults.csproj" />
</Solution>
